
Microsoft Visual Studio Solution File, Format Version 12.00
# Visual Studio Version 16
VisualStudioVersion = 16.0.29911.84
MinimumVisualStudioVersion = 10.0.40219.1
Project("{FAE04EC0-301F-11D3-BF4B-00C04F79EFBC}") = "s19551DocMid", "s19551DocMid\s19551DocMid.csproj", "{B38204E9-0D84-4039-AB79-2BC68F607086}"
EndProject
Global
	GlobalSection(SolutionConfigurationPlatforms) = preSolution
		Debug|Any CPU = Debug|Any CPU
		Release|Any CPU = Release|Any CPU
	EndGlobalSection
	GlobalSection(ProjectConfigurationPlatforms) = postSolution
		{B38204E9-0D84-4039-AB79-2BC68F607086}.Debug|Any CPU.ActiveCfg = Debug|Any CPU
		{B38204E9-0D84-4039-AB79-2BC68F607086}.Debug|Any CPU.Build.0 = Debug|Any CPU
		{B38204E9-0D84-4039-AB79-2BC68F607086}.Release|Any CPU.ActiveCfg = Release|Any CPU
		{B38204E9-0D84-4039-AB79-2BC68F607086}.Release|Any CPU.Build.0 = Release|Any CPU
	EndGlobalSection
	GlobalSection(SolutionProperties) = preSolution
		HideSolutionNode = FALSE
	EndGlobalSection
	GlobalSection(ExtensibilityGlobals) = postSolution
		SolutionGuid = {043A5885-D2E1-400B-B598-8CEB89750536}
	EndGlobalSection
EndGlobal
